
Microsoft Visual Studio Solution File, Format Version 12.00
# Visual Studio Version 17
VisualStudioVersion = 17.11.35312.102
MinimumVisualStudioVersion = 10.0.40219.1
Project("{8BC9CEB8-8B4A-11D0-8D11-00A0C91BC942}") = "Lab10", "Lab10\Lab10.vcxproj", "{568CEC7F-7C11-48C7-BA09-9D632329E7FE}"
EndProject
Project("{8BC9CEB8-8B4A-11D0-8D11-00A0C91BC942}") = "dop1", "dop1\dop1.vcxproj", "{28E486A0-0109-4406-862D-D39B8A00BB99}"
EndProject
Project("{8BC9CEB8-8B4A-11D0-8D11-00A0C91BC942}") = "dop2", "dop2\dop2.vcxproj", "{FC5B44A5-E018-497A-80CE-9FA8BF97E3B5}"
EndProject
Project("{8BC9CEB8-8B4A-11D0-8D11-00A0C91BC942}") = "dop3", "dop3\dop3.vcxproj", "{E2744B84-29EF-417D-8064-8195D3CB2D21}"
EndProject
Project("{8BC9CEB8-8B4A-11D0-8D11-00A0C91BC942}") = "num2", "num2\num2.vcxproj", "{D3ABAAE1-9F7C-4063-9E27-3AAA2CA87AB0}"
EndProject
Project("{8BC9CEB8-8B4A-11D0-8D11-00A0C91BC942}") = "num3", "num3\num3.vcxproj", "{2402DB79-E68E-40F5-B1AB-714F5CC41FA2}"
EndProject
Project("{8BC9CEB8-8B4A-11D0-8D11-00A0C91BC942}") = "num4", "num4\num4.vcxproj", "{051B987B-38B8-49B4-82B5-C8845A0AEDF6}"
EndProject
Project("{8BC9CEB8-8B4A-11D0-8D11-00A0C91BC942}") = "num5", "num5\num5.vcxproj", "{F171BE04-4E5D-4B1E-A3AE-7C532EEC9767}"
EndProject
Project("{8BC9CEB8-8B4A-11D0-8D11-00A0C91BC942}") = "num5-2", "num5-2\num5-2.vcxproj", "{24DBC68A-5F5C-40F1-BBA3-E5A86B97CEDA}"
EndProject
Global
	GlobalSection(SolutionConfigurationPlatforms) = preSolution
		Debug|x64 = Debug|x64
		Debug|x86 = Debug|x86
		Release|x64 = Release|x64
		Release|x86 = Release|x86
	EndGlobalSection
	GlobalSection(ProjectConfigurationPlatforms) = postSolution
		{568CEC7F-7C11-48C7-BA09-9D632329E7FE}.Debug|x64.ActiveCfg = Debug|x64
		{568CEC7F-7C11-48C7-BA09-9D632329E7FE}.Debug|x64.Build.0 = Debug|x64
		{568CEC7F-7C11-48C7-BA09-9D632329E7FE}.Debug|x86.ActiveCfg = Debug|Win32
		{568CEC7F-7C11-48C7-BA09-9D632329E7FE}.Debug|x86.Build.0 = Debug|Win32
		{568CEC7F-7C11-48C7-BA09-9D632329E7FE}.Release|x64.ActiveCfg = Release|x64
		{568CEC7F-7C11-48C7-BA09-9D632329E7FE}.Release|x64.Build.0 = Release|x64
		{568CEC7F-7C11-48C7-BA09-9D632329E7FE}.Release|x86.ActiveCfg = Release|Win32
		{568CEC7F-7C11-48C7-BA09-9D632329E7FE}.Release|x86.Build.0 = Release|Win32
		{28E486A0-0109-4406-862D-D39B8A00BB99}.Debug|x64.ActiveCfg = Debug|x64
		{28E486A0-0109-4406-862D-D39B8A00BB99}.Debug|x64.Build.0 = Debug|x64
		{28E486A0-0109-4406-862D-D39B8A00BB99}.Debug|x86.ActiveCfg = Debug|Win32
		{28E486A0-0109-4406-862D-D39B8A00BB99}.Debug|x86.Build.0 = Debug|Win32
		{28E486A0-0109-4406-862D-D39B8A00BB99}.Release|x64.ActiveCfg = Release|x64
		{28E486A0-0109-4406-862D-D39B8A00BB99}.Release|x64.Build.0 = Release|x64
		{28E486A0-0109-4406-862D-D39B8A00BB99}.Release|x86.ActiveCfg = Release|Win32
		{28E486A0-0109-4406-862D-D39B8A00BB99}.Release|x86.Build.0 = Release|Win32
		{FC5B44A5-E018-497A-80CE-9FA8BF97E3B5}.Debug|x64.ActiveCfg = Debug|x64
		{FC5B44A5-E018-497A-80CE-9FA8BF97E3B5}.Debug|x64.Build.0 = Debug|x64
		{FC5B44A5-E018-497A-80CE-9FA8BF97E3B5}.Debug|x86.ActiveCfg = Debug|Win32
		{FC5B44A5-E018-497A-80CE-9FA8BF97E3B5}.Debug|x86.Build.0 = Debug|Win32
		{FC5B44A5-E018-497A-80CE-9FA8BF97E3B5}.Release|x64.ActiveCfg = Release|x64
		{FC5B44A5-E018-497A-80CE-9FA8BF97E3B5}.Release|x64.Build.0 = Release|x64
		{FC5B44A5-E018-497A-80CE-9FA8BF97E3B5}.Release|x86.ActiveCfg = Release|Win32
		{FC5B44A5-E018-497A-80CE-9FA8BF97E3B5}.Release|x86.Build.0 = Release|Win32
		{E2744B84-29EF-417D-8064-8195D3CB2D21}.Debug|x64.ActiveCfg = Debug|x64
		{E2744B84-29EF-417D-8064-8195D3CB2D21}.Debug|x64.Build.0 = Debug|x64
		{E2744B84-29EF-417D-8064-8195D3CB2D21}.Debug|x86.ActiveCfg = Debug|Win32
		{E2744B84-29EF-417D-8064-8195D3CB2D21}.Debug|x86.Build.0 = Debug|Win32
		{E2744B84-29EF-417D-8064-8195D3CB2D21}.Release|x64.ActiveCfg = Release|x64
		{E2744B84-29EF-417D-8064-8195D3CB2D21}.Release|x64.Build.0 = Release|x64
		{E2744B84-29EF-417D-8064-8195D3CB2D21}.Release|x86.ActiveCfg = Release|Win32
		{E2744B84-29EF-417D-8064-8195D3CB2D21}.Release|x86.Build.0 = Release|Win32
		{D3ABAAE1-9F7C-4063-9E27-3AAA2CA87AB0}.Debug|x64.ActiveCfg = Debug|x64
		{D3ABAAE1-9F7C-4063-9E27-3AAA2CA87AB0}.Debug|x64.Build.0 = Debug|x64
		{D3ABAAE1-9F7C-4063-9E27-3AAA2CA87AB0}.Debug|x86.ActiveCfg = Debug|Win32
		{D3ABAAE1-9F7C-4063-9E27-3AAA2CA87AB0}.Debug|x86.Build.0 = Debug|Win32
		{D3ABAAE1-9F7C-4063-9E27-3AAA2CA87AB0}.Release|x64.ActiveCfg = Release|x64
		{D3ABAAE1-9F7C-4063-9E27-3AAA2CA87AB0}.Release|x64.Build.0 = Release|x64
		{D3ABAAE1-9F7C-4063-9E27-3AAA2CA87AB0}.Release|x86.ActiveCfg = Release|Win32
		{D3ABAAE1-9F7C-4063-9E27-3AAA2CA87AB0}.Release|x86.Build.0 = Release|Win32
		{2402DB79-E68E-40F5-B1AB-714F5CC41FA2}.Debug|x64.ActiveCfg = Debug|x64
		{2402DB79-E68E-40F5-B1AB-714F5CC41FA2}.Debug|x64.Build.0 = Debug|x64
		{2402DB79-E68E-40F5-B1AB-714F5CC41FA2}.Debug|x86.ActiveCfg = Debug|Win32
		{2402DB79-E68E-40F5-B1AB-714F5CC41FA2}.Debug|x86.Build.0 = Debug|Win32
		{2402DB79-E68E-40F5-B1AB-714F5CC41FA2}.Release|x64.ActiveCfg = Release|x64
		{2402DB79-E68E-40F5-B1AB-714F5CC41FA2}.Release|x64.Build.0 = Release|x64
		{2402DB79-E68E-40F5-B1AB-714F5CC41FA2}.Release|x86.ActiveCfg = Release|Win32
		{2402DB79-E68E-40F5-B1AB-714F5CC41FA2}.Release|x86.Build.0 = Release|Win32
		{051B987B-38B8-49B4-82B5-C8845A0AEDF6}.Debug|x64.ActiveCfg = Debug|x64
		{051B987B-38B8-49B4-82B5-C8845A0AEDF6}.Debug|x64.Build.0 = Debug|x64
		{051B987B-38B8-49B4-82B5-C8845A0AEDF6}.Debug|x86.ActiveCfg = Debug|Win32
		{051B987B-38B8-49B4-82B5-C8845A0AEDF6}.Debug|x86.Build.0 = Debug|Win32
		{051B987B-38B8-49B4-82B5-C8845A0AEDF6}.Release|x64.ActiveCfg = Release|x64
		{051B987B-38B8-49B4-82B5-C8845A0AEDF6}.Release|x64.Build.0 = Release|x64
		{051B987B-38B8-49B4-82B5-C8845A0AEDF6}.Release|x86.ActiveCfg = Release|Win32
		{051B987B-38B8-49B4-82B5-C8845A0AEDF6}.Release|x86.Build.0 = Release|Win32
		{F171BE04-4E5D-4B1E-A3AE-7C532EEC9767}.Debug|x64.ActiveCfg = Debug|x64
		{F171BE04-4E5D-4B1E-A3AE-7C532EEC9767}.Debug|x64.Build.0 = Debug|x64
		{F171BE04-4E5D-4B1E-A3AE-7C532EEC9767}.Debug|x86.ActiveCfg = Debug|Win32
		{F171BE04-4E5D-4B1E-A3AE-7C532EEC9767}.Debug|x86.Build.0 = Debug|Win32
		{F171BE04-4E5D-4B1E-A3AE-7C532EEC9767}.Release|x64.ActiveCfg = Release|x64
		{F171BE04-4E5D-4B1E-A3AE-7C532EEC9767}.Release|x64.Build.0 = Release|x64
		{F171BE04-4E5D-4B1E-A3AE-7C532EEC9767}.Release|x86.ActiveCfg = Release|Win32
		{F171BE04-4E5D-4B1E-A3AE-7C532EEC9767}.Release|x86.Build.0 = Release|Win32
		{24DBC68A-5F5C-40F1-BBA3-E5A86B97CEDA}.Debug|x64.ActiveCfg = Debug|x64
		{24DBC68A-5F5C-40F1-BBA3-E5A86B97CEDA}.Debug|x64.Build.0 = Debug|x64
		{24DBC68A-5F5C-40F1-BBA3-E5A86B97CEDA}.Debug|x86.ActiveCfg = Debug|Win32
		{24DBC68A-5F5C-40F1-BBA3-E5A86B97CEDA}.Debug|x86.Build.0 = Debug|Win32
		{24DBC68A-5F5C-40F1-BBA3-E5A86B97CEDA}.Release|x64.ActiveCfg = Release|x64
		{24DBC68A-5F5C-40F1-BBA3-E5A86B97CEDA}.Release|x64.Build.0 = Release|x64
		{24DBC68A-5F5C-40F1-BBA3-E5A86B97CEDA}.Release|x86.ActiveCfg = Release|Win32
		{24DBC68A-5F5C-40F1-BBA3-E5A86B97CEDA}.Release|x86.Build.0 = Release|Win32
	EndGlobalSection
	GlobalSection(SolutionProperties) = preSolution
		HideSolutionNode = FALSE
	EndGlobalSection
	GlobalSection(ExtensibilityGlobals) = postSolution
		SolutionGuid = {8B577276-7F5E-43C9-A2BA-9CB882745D81}
	EndGlobalSection
EndGlobal
